// !$*UTF8*$!
{
	archiveVersion = 1;
	classes = {
	};
	objectVersion = 50;
	objects = {

/* Begin PBXBuildFile section */
		4C340C2D2136B03900B8F381 /* GraphView.swift in Sources */ = {isa = PBXBuildFile; fileRef = 4C340C2C2136B03900B8F381 /* GraphView.swift */; };
		4C3959A9212D466D008B3164 /* AppDelegate.swift in Sources */ = {isa = PBXBuildFile; fileRef = 4C3959A8212D466D008B3164 /* AppDelegate.swift */; };
		4C3959AB212D466D008B3164 /* ViewController.swift in Sources */ = {isa = PBXBuildFile; fileRef = 4C3959AA212D466D008B3164 /* ViewController.swift */; };
		4C3959AE212D466D008B3164 /* Main.storyboard in Resources */ = {isa = PBXBuildFile; fileRef = 4C3959AC212D466D008B3164 /* Main.storyboard */; };
		4C3959B0212D4670008B3164 /* Assets.xcassets in Resources */ = {isa = PBXBuildFile; fileRef = 4C3959AF212D4670008B3164 /* Assets.xcassets */; };
		4C3959B3212D4670008B3164 /* LaunchScreen.storyboard in Resources */ = {isa = PBXBuildFile; fileRef = 4C3959B1212D4670008B3164 /* LaunchScreen.storyboard */; };
		4C3959BE212D4670008B3164 /* NChartTests.swift in Sources */ = {isa = PBXBuildFile; fileRef = 4C3959BD212D4670008B3164 /* NChartTests.swift */; };
		4C3959C9212D4670008B3164 /* NChartUITests.swift in Sources */ = {isa = PBXBuildFile; fileRef = 4C3959C8212D4670008B3164 /* NChartUITests.swift */; };
		4C3959D7212D4761008B3164 /* PushButton.swift in Sources */ = {isa = PBXBuildFile; fileRef = 4C3959D6212D4761008B3164 /* PushButton.swift */; };
		4C3FB149212DA3BD00CDDD8B /* CounterView.swift in Sources */ = {isa = PBXBuildFile; fileRef = 4C3FB148212DA3BD00CDDD8B /* CounterView.swift */; };
/* End PBXBuildFile section */

/* Begin PBXContainerItemProxy section */
		4C3959BA212D4670008B3164 /* PBXContainerItemProxy */ = {
			isa = PBXContainerItemProxy;
			containerPortal = 4C39599D212D466D008B3164 /* Project object */;
			proxyType = 1;
			remoteGlobalIDString = 4C3959A4212D466D008B3164;
			remoteInfo = NChart;
		};
		4C3959C5212D4670008B3164 /* PBXContainerItemProxy */ = {
			isa = PBXContainerItemProxy;
			containerPortal = 4C39599D212D466D008B3164 /* Project object */;
			proxyType = 1;
			remoteGlobalIDString = 4C3959A4212D466D008B3164;
			remoteInfo = NChart;
		};
/* End PBXContainerItemProxy section */

/* Begin PBXFileReference section */
		4C340C2C2136B03900B8F381 /* GraphView.swift */ = {isa = PBXFileReference; lastKnownFileType = sourcecode.swift; path = GraphView.swift; sourceTree = "<group>"; };
		4C3959A5212D466D008B3164 /* NChart.app */ = {isa = PBXFileReference; explicitFileType = wrapper.application; includeInIndex = 0; path = NChart.app; sourceTree = BUILT_PRODUCTS_DIR; };
		4C3959A8212D466D008B3164 /* AppDelegate.swift */ = {isa = PBXFileReference; lastKnownFileType = sourcecode.swift; path = AppDelegate.swift; sourceTree = "<group>"; };
		4C3959AA212D466D008B3164 /* ViewController.swift */ = {isa = PBXFileReference; lastKnownFileType = sourcecode.swift; path = ViewController.swift; sourceTree = "<group>"; };
		4C3959AD212D466D008B3164 /* Base */ = {isa = PBXFileReference; lastKnownFileType = file.storyboard; name = Base; path = Base.lproj/Main.storyboard; sourceTree = "<group>"; };
		4C3959AF212D4670008B3164 /* Assets.xcassets */ = {isa = PBXFileReference; lastKnownFileType = folder.assetcatalog; path = Assets.xcassets; sourceTree = "<group>"; };
		4C3959B2212D4670008B3164 /* Base */ = {isa = PBXFileReference; lastKnownFileType = file.storyboard; name = Base; path = Base.lproj/LaunchScreen.storyboard; sourceTree = "<group>"; };
		4C3959B4212D4670008B3164 /* Info.plist */ = {isa = PBXFileReference; lastKnownFileType = text.plist.xml; path = Info.plist; sourceTree = "<group>"; };
		4C3959B9212D4670008B3164 /* NChartTests.xctest */ = {isa = PBXFileReference; explicitFileType = wrapper.cfbundle; includeInIndex = 0; path = NChartTests.xctest; sourceTree = BUILT_PRODUCTS_DIR; };
		4C3959BD212D4670008B3164 /* NChartTests.swift */ = {isa = PBXFileReference; lastKnownFileType = sourcecode.swift; path = NChartTests.swift; sourceTree = "<group>"; };
		4C3959BF212D4670008B3164 /* Info.plist */ = {isa = PBXFileReference; lastKnownFileType = text.plist.xml; path = Info.plist; sourceTree = "<group>"; };
		4C3959C4212D4670008B3164 /* NChartUITests.xctest */ = {isa = PBXFileReference; explicitFileType = wrapper.cfbundle; includeInIndex = 0; path = NChartUITests.xctest; sourceTree = BUILT_PRODUCTS_DIR; };
		4C3959C8212D4670008B3164 /* NChartUITests.swift */ = {isa = PBXFileReference; lastKnownFileType = sourcecode.swift; path = NChartUITests.swift; sourceTree = "<group>"; };
		4C3959CA212D4670008B3164 /* Info.plist */ = {isa = PBXFileReference; lastKnownFileType = text.plist.xml; path = Info.plist; sourceTree = "<group>"; };
		4C3959D6212D4761008B3164 /* PushButton.swift */ = {isa = PBXFileReference; lastKnownFileType = sourcecode.swift; path = PushButton.swift; sourceTree = "<group>"; };
		4C3FB148212DA3BD00CDDD8B /* CounterView.swift */ = {isa = PBXFileReference; lastKnownFileType = sourcecode.swift; path = CounterView.swift; sourceTree = "<group>"; };
/* End PBXFileReference section */

/* Begin PBXFrameworksBuildPhase section */
		4C3959A2212D466D008B3164 /* Frameworks */ = {
			isa = PBXFrameworksBuildPhase;
			buildActionMask = 2147483647;
			files = (
			);
			runOnlyForDeploymentPostprocessing = 0;
		};
		4C3959B6212D4670008B3164 /* Frameworks */ = {
			isa = PBXFrameworksBuildPhase;
			buildActionMask = 2147483647;
			files = (
			);
			runOnlyForDeploymentPostprocessing = 0;
		};
		4C3959C1212D4670008B3164 /* Frameworks */ = {
			isa = PBXFrameworksBuildPhase;
			buildActionMask = 2147483647;
			files = (
			);
			runOnlyForDeploymentPostprocessing = 0;
		};
/* End PBXFrameworksBuildPhase section */

/* Begin PBXGroup section */
		4C39599C212D466D008B3164 = {
			isa = PBXGroup;
			children = (
				4C3959A7212D466D008B3164 /* NChart */,
				4C3959BC212D4670008B3164 /* NChartTests */,
				4C3959C7212D4670008B3164 /* NChartUITests */,
				4C3959A6212D466D008B3164 /* Products */,
			);
			sourceTree = "<group>";
		};
		4C3959A6212D466D008B3164 /* Products */ = {
			isa = PBXGroup;
			children = (
				4C3959A5212D466D008B3164 /* NChart.app */,
				4C3959B9212D4670008B3164 /* NChartTests.xctest */,
				4C3959C4212D4670008B3164 /* NChartUITests.xctest */,
			);
			name = Products;
			sourceTree = "<group>";
		};
		4C3959A7212D466D008B3164 /* NChart */ = {
			isa = PBXGroup;
			children = (
				4C3959A8212D466D008B3164 /* AppDelegate.swift */,
				4C3959AA212D466D008B3164 /* ViewController.swift */,
				4C3959AC212D466D008B3164 /* Main.storyboard */,
				4C3959AF212D4670008B3164 /* Assets.xcassets */,
				4C3959B1212D4670008B3164 /* LaunchScreen.storyboard */,
				4C3959B4212D4670008B3164 /* Info.plist */,
				4C3959D6212D4761008B3164 /* PushButton.swift */,
				4C3FB148212DA3BD00CDDD8B /* CounterView.swift */,
				4C340C2C2136B03900B8F381 /* GraphView.swift */,
			);
			path = NChart;
			sourceTree = "<group>";
		};
		4C3959BC212D4670008B3164 /* NChartTests */ = {
			isa = PBXGroup;
			children = (
				4C3959BD212D4670008B3164 /* NChartTests.swift */,
				4C3959BF212D4670008B3164 /* Info.plist */,
			);
			path = NChartTests;
			sourceTree = "<group>";
		};
		4C3959C7212D4670008B3164 /* NChartUITests */ = {
			isa = PBXGroup;
			children = (
				4C3959C8212D4670008B3164 /* NChartUITests.swift */,
				4C3959CA212D4670008B3164 /* Info.plist */,
			);
			path = NChartUITests;
			sourceTree = "<group>";
		};
/* End PBXGroup section */

/* Begin PBXNativeTarget section */
		4C3959A4212D466D008B3164 /* NChart */ = {
			isa = PBXNativeTarget;
			buildConfigurationList = 4C3959CD212D4670008B3164 /* Build configuration list for PBXNativeTarget "NChart" */;
			buildPhases = (
				4C3959A1212D466D008B3164 /* Sources */,
				4C3959A2212D466D008B3164 /* Frameworks */,
				4C3959A3212D466D008B3164 /* Resources */,
			);
			buildRules = (
			);
			dependencies = (
			);
			name = NChart;
			productName = NChart;
			productReference = 4C3959A5212D466D008B3164 /* NChart.app */;
			productType = "com.apple.product-type.application";
		};
		4C3959B8212D4670008B3164 /* NChartTests */ = {
			isa = PBXNativeTarget;
			buildConfigurationList = 4C3959D0212D4670008B3164 /* Build configuration list for PBXNativeTarget "NChartTests" */;
			buildPhases = (
				4C3959B5212D4670008B3164 /* Sources */,
				4C3959B6212D4670008B3164 /* Frameworks */,
				4C3959B7212D4670008B3164 /* Resources */,
			);
			buildRules = (
			);
			dependencies = (
				4C3959BB212D4670008B3164 /* PBXTargetDependency */,
			);
			name = NChartTests;
			productName = NChartTests;
			productReference = 4C3959B9212D4670008B3164 /* NChartTests.xctest */;
			productType = "com.apple.product-type.bundle.unit-test";
		};
		4C3959C3212D4670008B3164 /* NChartUITests */ = {
			isa = PBXNativeTarget;
			buildConfigurationList = 4C3959D3212D4670008B3164 /* Build configuration list for PBXNativeTarget "NChartUITests" */;
			buildPhases = (
				4C3959C0212D4670008B3164 /* Sources */,
				4C3959C1212D4670008B3164 /* Frameworks */,
				4C3959C2212D4670008B3164 /* Resources */,
			);
			buildRules = (
			);
			dependencies = (
				4C3959C6212D4670008B3164 /* PBXTargetDependency */,
			);
			name = NChartUITests;
			productName = NChartUITests;
			productReference = 4C3959C4212D4670008B3164 /* NChartUITests.xctest */;
			productType = "com.apple.product-type.bundle.ui-testing";
		};
/* End PBXNativeTarget section */

/* Begin PBXProject section */
		4C39599D212D466D008B3164 /* Project object */ = {
			isa = PBXProject;
			attributes = {
				LastSwiftUpdateCheck = 0940;
				LastUpgradeCheck = 0940;
				ORGANIZATIONNAME = "Ngoc LE";
				TargetAttributes = {
					4C3959A4212D466D008B3164 = {
						CreatedOnToolsVersion = 9.4.1;
					};
					4C3959B8212D4670008B3164 = {
						CreatedOnToolsVersion = 9.4.1;
						TestTargetID = 4C3959A4212D466D008B3164;
					};
					4C3959C3212D4670008B3164 = {
						CreatedOnToolsVersion = 9.4.1;
						TestTargetID = 4C3959A4212D466D008B3164;
					};
				};
			};
			buildConfigurationList = 4C3959A0212D466D008B3164 /* Build configuration list for PBXProject "NChart" */;
			compatibilityVersion = "Xcode 9.3";
			developmentRegion = en;
			hasScannedForEncodings = 0;
			knownRegions = (
				en,
				Base,
			);
			mainGroup = 4C39599C212D466D008B3164;
			productRefGroup = 4C3959A6212D466D008B3164 /* Products */;
			projectDirPath = "";
			projectRoot = "";
			targets = (
				4C3959A4212D466D008B3164 /* NChart */,
				4C3959B8212D4670008B3164 /* NChartTests */,
				4C3959C3212D4670008B3164 /* NChartUITests */,
			);
		};
/* End PBXProject section */

/* Begin PBXResourcesBuildPhase section */
		4C3959A3212D466D008B3164 /* Resources */ = {
			isa = PBXResourcesBuildPhase;
			buildActionMask = 2147483647;
			files = (
				4C3959B3212D4670008B3164 /* LaunchScreen.storyboard in Resources */,
				4C3959B0212D4670008B3164 /* Assets.xcassets in Resources */,
				4C3959AE212D466D008B3164 /* Main.storyboard in Resources */,
			);
			runOnlyForDeploymentPostprocessing = 0;
		};
		4C3959B7212D4670008B3164 /* Resources */ = {
			isa = PBXResourcesBuildPhase;
			buildActionMask = 2147483647;
			files = (
			);
			runOnlyForDeploymentPostprocessing = 0;
		};
		4C3959C2212D4670008B3164 /* Resources */ = {
			isa = PBXResourcesBuildPhase;
			buildActionMask = 2147483647;
			files = (
			);
			runOnlyForDeploymentPostprocessing = 0;
		};
/* End PBXResourcesBuildPhase section */

/* Begin PBXSourcesBuildPhase section */
		4C3959A1212D466D008B3164 /* Sources */ = {
			isa = PBXSourcesBuildPhase;
			buildActionMask = 2147483647;
			files = (
				4C340C2D2136B03900B8F381 /* GraphView.swift in Sources */,
				4C3959AB212D466D008B3164 /* ViewController.swift in Sources */,
				4C3959A9212D466D008B3164 /* AppDelegate.swift in Sources */,
				4C3959D7212D4761008B3164 /* PushButton.swift in Sources */,
				4C3FB149212DA3BD00CDDD8B /* CounterView.swift in Sources */,
			);
			runOnlyForDeploymentPostprocessing = 0;
		};
		4C3959B5212D4670008B3164 /* Sources */ = {
			isa = PBXSourcesBuildPhase;
			buildActionMask = 2147483647;
			files = (
				4C3959BE212D4670008B3164 /* NChartTests.swift in Sources */,
			);
			runOnlyForDeploymentPostprocessing = 0;
		};
		4C3959C0212D4670008B3164 /* Sources */ = {
			isa = PBXSourcesBuildPhase;
			buildActionMask = 2147483647;
			files = (
				4C3959C9212D4670008B3164 /* NChartUITests.swift in Sources */,
			);
			runOnlyForDeploymentPostprocessing = 0;
		};
/* End PBXSourcesBuildPhase section */

/* Begin PBXTargetDependency section */
		4C3959BB212D4670008B3164 /* PBXTargetDependency */ = {
			isa = PBXTargetDependency;
			target = 4C3959A4212D466D008B3164 /* NChart */;
			targetProxy = 4C3959BA212D4670008B3164 /* PBXContainerItemProxy */;
		};
		4C3959C6212D4670008B3164 /* PBXTargetDependency */ = {
			isa = PBXTargetDependency;
			target = 4C3959A4212D466D008B3164 /* NChart */;
			targetProxy = 4C3959C5212D4670008B3164 /* PBXContainerItemProxy */;
		};
/* End PBXTargetDependency section */

/* Begin PBXVariantGroup section */
		4C3959AC212D466D008B3164 /* Main.storyboard */ = {
			isa = PBXVariantGroup;
			children = (
				4C3959AD212D466D008B3164 /* Base */,
			);
			name = Main.storyboard;
			sourceTree = "<group>";
		};
		4C3959B1212D4670008B3164 /* LaunchScreen.storyboard */ = {
			isa = PBXVariantGroup;
			children = (
				4C3959B2212D4670008B3164 /* Base */,
			);
			name = LaunchScreen.storyboard;
			sourceTree = "<group>";
		};
/* End PBXVariantGroup section */

/* Begin XCBuildConfiguration section */
		4C3959CB212D4670008B3164 /* Debug */ = {
			isa = XCBuildConfiguration;
			buildSettings = {
				ALWAYS_SEARCH_USER_PATHS = NO;
				CLANG_ANALYZER_NONNULL = YES;
				CLANG_ANALYZER_NUMBER_OBJECT_CONVERSION = YES_AGGRESSIVE;
				CLANG_CXX_LANGUAGE_STANDARD = "gnu++14";
				CLANG_CXX_LIBRARY = "libc++";
				CLANG_ENABLE_MODULES = YES;
				CLANG_ENABLE_OBJC_ARC = YES;
				CLANG_ENABLE_OBJC_WEAK = YES;
				CLANG_WARN_BLOCK_CAPTURE_AUTORELEASING = YES;
				CLANG_WARN_BOOL_CONVERSION = YES;
				CLANG_WARN_COMMA = YES;
				CLANG_WARN_CONSTANT_CONVERSION = YES;
				CLANG_WARN_DEPRECATED_OBJC_IMPLEMENTATIONS = YES;
				CLANG_WARN_DIRECT_OBJC_ISA_USAGE = YES_ERROR;
				CLANG_WARN_DOCUMENTATION_COMMENTS = YES;
				CLANG_WARN_EMPTY_BODY = YES;
				CLANG_WARN_ENUM_CONVERSION = YES;
				CLANG_WARN_INFINITE_RECURSION = YES;
				CLANG_WARN_INT_CONVERSION = YES;
				CLANG_WARN_NON_LITERAL_NULL_CONVERSION = YES;
				CLANG_WARN_OBJC_IMPLICIT_RETAIN_SELF = YES;
				CLANG_WARN_OBJC_LITERAL_CONVERSION = YES;
				CLANG_WARN_OBJC_ROOT_CLASS = YES_ERROR;
				CLANG_WARN_RANGE_LOOP_ANALYSIS = YES;
				CLANG_WARN_STRICT_PROTOTYPES = YES;
				CLANG_WARN_SUSPICIOUS_MOVE = YES;
				CLANG_WARN_UNGUARDED_AVAILABILITY = YES_AGGRESSIVE;
				CLANG_WARN_UNREACHABLE_CODE = YES;
				CLANG_WARN__DUPLICATE_METHOD_MATCH = YES;
				CODE_SIGN_IDENTITY = "iPhone Developer";
				COPY_PHASE_STRIP = NO;
				DEBUG_INFORMATION_FORMAT = dwarf;
				ENABLE_STRICT_OBJC_MSGSEND = YES;
				ENABLE_TESTABILITY = YES;
				GCC_C_LANGUAGE_STANDARD = gnu11;
				GCC_DYNAMIC_NO_PIC = NO;
				GCC_NO_COMMON_BLOCKS = YES;
				GCC_OPTIMIZATION_LEVEL = 0;
				GCC_PREPROCESSOR_DEFINITIONS = (
					"DEBUG=1",
					"$(inherited)",
				);
				GCC_WARN_64_TO_32_BIT_CONVERSION = YES;
				GCC_WARN_ABOUT_RETURN_TYPE = YES_ERROR;
				GCC_WARN_UNDECLARED_SELECTOR = YES;
				GCC_WARN_UNINITIALIZED_AUTOS = YES_AGGRESSIVE;
				GCC_WARN_UNUSED_FUNCTION = YES;
				GCC_WARN_UNUSED_VARIABLE = YES;
				IPHONEOS_DEPLOYMENT_TARGET = 11.4;
				MTL_ENABLE_DEBUG_INFO = YES;
				ONLY_ACTIVE_ARCH = YES;
				SDKROOT = iphoneos;
				SWIFT_ACTIVE_COMPILATION_CONDITIONS = DEBUG;
				SWIFT_OPTIMIZATION_LEVEL = "-Onone";
			};
			name = Debug;
		};
		4C3959CC212D4670008B3164 /* Release */ = {
			isa = XCBuildConfiguration;
			buildSettings = {
				ALWAYS_SEARCH_USER_PATHS = NO;
				CLANG_ANALYZER_NONNULL = YES;
				CLANG_ANALYZER_NUMBER_OBJECT_CONVERSION = YES_AGGRESSIVE;
				CLANG_CXX_LANGUAGE_STANDARD = "gnu++14";
				CLANG_CXX_LIBRARY = "libc++";
				CLANG_ENABLE_MODULES = YES;
				CLANG_ENABLE_OBJC_ARC = YES;
				CLANG_ENABLE_OBJC_WEAK = YES;
				CLANG_WARN_BLOCK_CAPTURE_AUTORELEASING = YES;
				CLANG_WARN_BOOL_CONVERSION = YES;
				CLANG_WARN_COMMA = YES;
				CLANG_WARN_CONSTANT_CONVERSION = YES;
				CLANG_WARN_DEPRECATED_OBJC_IMPLEMENTATIONS = YES;
				CLANG_WARN_DIRECT_OBJC_ISA_USAGE = YES_ERROR;
				CLANG_WARN_DOCUMENTATION_COMMENTS = YES;
				CLANG_WARN_EMPTY_BODY = YES;
				CLANG_WARN_ENUM_CONVERSION = YES;
				CLANG_WARN_INFINITE_RECURSION = YES;
				CLANG_WARN_INT_CONVERSION = YES;
				CLANG_WARN_NON_LITERAL_NULL_CONVERSION = YES;
				CLANG_WARN_OBJC_IMPLICIT_RETAIN_SELF = YES;
				CLANG_WARN_OBJC_LITERAL_CONVERSION = YES;
				CLANG_WARN_OBJC_ROOT_CLASS = YES_ERROR;
				CLANG_WARN_RANGE_LOOP_ANALYSIS = YES;
				CLANG_WARN_STRICT_PROTOTYPES = YES;
				CLANG_WARN_SUSPICIOUS_MOVE = YES;
				CLANG_WARN_UNGUARDED_AVAILABILITY = YES_AGGRESSIVE;
				CLANG_WARN_UNREACHABLE_CODE = YES;
				CLANG_WARN__DUPLICATE_METHOD_MATCH = YES;
				CODE_SIGN_IDENTITY = "iPhone Developer";
				COPY_PHASE_STRIP = NO;
				DEBUG_INFORMATION_FORMAT = "dwarf-with-dsym";
				ENABLE_NS_ASSERTIONS = NO;
				ENABLE_STRICT_OBJC_MSGSEND = YES;
				GCC_C_LANGUAGE_STANDARD = gnu11;
				GCC_NO_COMMON_BLOCKS = YES;
				GCC_WARN_64_TO_32_BIT_CONVERSION = YES;
				GCC_WARN_ABOUT_RETURN_TYPE = YES_ERROR;
				GCC_WARN_UNDECLARED_SELECTOR = YES;
				GCC_WARN_UNINITIALIZED_AUTOS = YES_AGGRESSIVE;
				GCC_WARN_UNUSED_FUNCTION = YES;
				GCC_WARN_UNUSED_VARIABLE = YES;
				IPHONEOS_DEPLOYMENT_TARGET = 11.4;
				MTL_ENABLE_DEBUG_INFO = NO;
				SDKROOT = iphoneos;
				SWIFT_COMPILATION_MODE = wholemodule;
				SWIFT_OPTIMIZATION_LEVEL = "-O";
				VALIDATE_PRODUCT = YES;
			};
			name = Release;
		};
		4C3959CE212D4670008B3164 /* Debug */ = {
			isa = XCBuildConfiguration;
			buildSettings = {
				ASSETCATALOG_COMPILER_APPICON_NAME = AppIcon;
				CODE_SIGN_STYLE = Automatic;
				DEVELOPMENT_TEAM = DVKPWWHTCM;
				INFOPLIST_FILE = NChart/Info.plist;
				LD_RUNPATH_SEARCH_PATHS = (
					"$(inherited)",
					"@executable_path/Frameworks",
				);
				PRODUCT_BUNDLE_IDENTIFIER = com.smarpsocial.NChart;
				PRODUCT_NAME = "$(TARGET_NAME)";
				SWIFT_VERSION = 4.0;
				TARGETED_DEVICE_FAMILY = "1,2";
			};
			name = Debug;
		};
		4C3959CF212D4670008B3164 /* Release */ = {
			isa = XCBuildConfiguration;
			buildSettings = {
				ASSETCATALOG_COMPILER_APPICON_NAME = AppIcon;
				CODE_SIGN_STYLE = Automatic;
				DEVELOPMENT_TEAM = DVKPWWHTCM;
				INFOPLIST_FILE = NChart/Info.plist;
				LD_RUNPATH_SEARCH_PATHS = (
					"$(inherited)",
					"@executable_path/Frameworks",
				);
				PRODUCT_BUNDLE_IDENTIFIER = com.smarpsocial.NChart;
				PRODUCT_NAME = "$(TARGET_NAME)";
				SWIFT_VERSION = 4.0;
				TARGETED_DEVICE_FAMILY = "1,2";
			};
			name = Release;
		};
		4C3959D1212D4670008B3164 /* Debug */ = {
			isa = XCBuildConfiguration;
			buildSettings = {
				ALWAYS_EMBED_SWIFT_STANDARD_LIBRARIES = YES;
				BUNDLE_LOADER = "$(TEST_HOST)";
				CODE_SIGN_STYLE = Automatic;
				DEVELOPMENT_TEAM = 3KLV3MX4CA;
				INFOPLIST_FILE = NChartTests/Info.plist;
				LD_RUNPATH_SEARCH_PATHS = (
					"$(inherited)",
					"@executable_path/Frameworks",
					"@loader_path/Frameworks",
				);
				PRODUCT_BUNDLE_IDENTIFIER = com.smarpsocial.NChartTests;
				PRODUCT_NAME = "$(TARGET_NAME)";
				SWIFT_VERSION = 4.0;
				TARGETED_DEVICE_FAMILY = "1,2";
				TEST_HOST = "$(BUILT_PRODUCTS_DIR)/NChart.app/NChart";
			};
			name = Debug;
		};
		4C3959D2212D4670008B3164 /* Release */ = {
			isa = XCBuildConfiguration;
			buildSettings = {
				ALWAYS_EMBED_SWIFT_STANDARD_LIBRARIES = YES;
				BUNDLE_LOADER = "$(TEST_HOST)";
				CODE_SIGN_STYLE = Automatic;
				DEVELOPMENT_TEAM = 3KLV3MX4CA;
				INFOPLIST_FILE = NChartTests/Info.plist;
				LD_RUNPATH_SEARCH_PATHS = (
					"$(inherited)",
					"@executable_path/Frameworks",
					"@loader_path/Frameworks",
				);
				PRODUCT_BUNDLE_IDENTIFIER = com.smarpsocial.NChartTests;
				PRODUCT_NAME = "$(TARGET_NAME)";
				SWIFT_VERSION = 4.0;
				TARGETED_DEVICE_FAMILY = "1,2";
				TEST_HOST = "$(BUILT_PRODUCTS_DIR)/NChart.app/NChart";
			};
			name = Release;
		};
		4C3959D4212D4670008B3164 /* Debug */ = {
			isa = XCBuildConfiguration;
			buildSettings = {
				ALWAYS_EMBED_SWIFT_STANDARD_LIBRARIES = YES;
				CODE_SIGN_STYLE = Automatic;
				DEVELOPMENT_TEAM = 3KLV3MX4CA;
				INFOPLIST_FILE = NChartUITests/Info.plist;
				LD_RUNPATH_SEARCH_PATHS = (
					"$(inherited)",
					"@executable_path/Frameworks",
					"@loader_path/Frameworks",
				);
				PRODUCT_BUNDLE_IDENTIFIER = com.smarpsocial.NChartUITests;
				PRODUCT_NAME = "$(TARGET_NAME)";
				SWIFT_VERSION = 4.0;
				TARGETED_DEVICE_FAMILY = "1,2";
				TEST_TARGET_NAME = NChart;
			};
			name = Debug;
		};
		4C3959D5212D4670008B3164 /* Release */ = {
			isa = XCBuildConfiguration;
			buildSettings = {
				ALWAYS_EMBED_SWIFT_STANDARD_LIBRARIES = YES;
				CODE_SIGN_STYLE = Automatic;
				DEVELOPMENT_TEAM = 3KLV3MX4CA;
				INFOPLIST_FILE = NChartUITests/Info.plist;
				LD_RUNPATH_SEARCH_PATHS = (
					"$(inherited)",
					"@executable_path/Frameworks",
					"@loader_path/Frameworks",
				);
				PRODUCT_BUNDLE_IDENTIFIER = com.smarpsocial.NChartUITests;
				PRODUCT_NAME = "$(TARGET_NAME)";
				SWIFT_VERSION = 4.0;
				TARGETED_DEVICE_FAMILY = "1,2";
				TEST_TARGET_NAME = NChart;
			};
			name = Release;
		};
/* End XCBuildConfiguration section */

/* Begin XCConfigurationList section */
		4C3959A0212D466D008B3164 /* Build configuration list for PBXProject "NChart" */ = {
			isa = XCConfigurationList;
			buildConfigurations = (
				4C3959CB212D4670008B3164 /* Debug */,
				4C3959CC212D4670008B3164 /* Release */,
			);
			defaultConfigurationIsVisible = 0;
			defaultConfigurationName = Release;
		};
		4C3959CD212D4670008B3164 /* Build configuration list for PBXNativeTarget "NChart" */ = {
			isa = XCConfigurationList;
			buildConfigurations = (
				4C3959CE212D4670008B3164 /* Debug */,
				4C3959CF212D4670008B3164 /* Release */,
			);
			defaultConfigurationIsVisible = 0;
			defaultConfigurationName = Release;
		};
		4C3959D0212D4670008B3164 /* Build configuration list for PBXNativeTarget "NChartTests" */ = {
			isa = XCConfigurationList;
			buildConfigurations = (
				4C3959D1212D4670008B3164 /* Debug */,
				4C3959D2212D4670008B3164 /* Release */,
			);
			defaultConfigurationIsVisible = 0;
			defaultConfigurationName = Release;
		};
		4C3959D3212D4670008B3164 /* Build configuration list for PBXNativeTarget "NChartUITests" */ = {
			isa = XCConfigurationList;
			buildConfigurations = (
				4C3959D4212D4670008B3164 /* Debug */,
				4C3959D5212D4670008B3164 /* Release */,
			);
			defaultConfigurationIsVisible = 0;
			defaultConfigurationName = Release;
		};
/* End XCConfigurationList section */
	};
	rootObject = 4C39599D212D466D008B3164 /* Project object */;
}
